
Microsoft Visual Studio Solution File, Format Version 12.00
# Visual Studio 14
VisualStudioVersion = 14.0.25420.1
MinimumVisualStudioVersion = 10.0.40219.1
Project("{FAE04EC0-301F-11D3-BF4B-00C04F79EFBC}") = "Emaratech.Services.Channels", "Emaratech.Services.Channels\Emaratech.Services.Channels.csproj", "{37B24AAB-F099-473C-988F-083B272DADC6}"
EndProject
Project("{FAE04EC0-301F-11D3-BF4B-00C04F79EFBC}") = "Emaratech.Services.Channels.Contracts", "Emaratech.Services.Channels.Contracts\Emaratech.Services.Channels.Contracts.csproj", "{39570A2F-A279-4685-9A45-768F57C520A4}"
EndProject
Project("{FAE04EC0-301F-11D3-BF4B-00C04F79EFBC}") = "Emaratech.Services.Channels.Entities", "Emaratech.Services.Channels.Entities\Emaratech.Services.Channels.Entities.csproj", "{58CFF30B-F50A-4437-9480-56400C853CBD}"
EndProject
Project("{FAE04EC0-301F-11D3-BF4B-00C04F79EFBC}") = "Emaratech.Services.Channels.Workflows", "Emaratech.Services.Channels.Workflows\Emaratech.Services.Channels.Workflows.csproj", "{8DEF8E3E-6A3F-45D6-B941-330490904D45}"
EndProject
Project("{FAE04EC0-301F-11D3-BF4B-00C04F79EFBC}") = "Emaratech.Services.Channels.Workflows.Tests", "Emaratech.Services.Channels.Workflows.Tests\Emaratech.Services.Channels.Workflows.Tests.csproj", "{4BCE14D2-ED49-420D-BB39-F3772DE580E8}"
EndProject
Project("{FAE04EC0-301F-11D3-BF4B-00C04F79EFBC}") = "Emaratech.Services.Channels.Tests.Regression", "Emaratech.Services.Channels.Tests\Emaratech.Services.Channels.Tests.Regression.csproj", "{1F8D934E-E59D-492E-89A5-0D5ED87DF69D}"
EndProject
Project("{FAE04EC0-301F-11D3-BF4B-00C04F79EFBC}") = "Emaratech.Services.Channels.Reports.Models", "Emaratech.Services.Channels.Reports.Models\Emaratech.Services.Channels.Reports.Models.csproj", "{AC79216E-7D18-49B4-9396-E3B3E60C7356}"
EndProject
Project("{FAE04EC0-301F-11D3-BF4B-00C04F79EFBC}") = "Emaratech.Services.ChannelsTests", "Emaratech.Services.ChannelsTests\Emaratech.Services.ChannelsTests.csproj", "{824E4A7C-3AC3-48EB-80B4-EE9025C5F13F}"
EndProject
Project("{FAE04EC0-301F-11D3-BF4B-00C04F79EFBC}") = "Emaratech.Services.Channels.UnifiedValidations", "Emaratech.Services.Channels.UnifiedValidations\Emaratech.Services.Channels.UnifiedValidations.csproj", "{97BBD0AA-AFF8-4F19-A6E8-2FDA8858DAEE}"
EndProject
Project("{FAE04EC0-301F-11D3-BF4B-00C04F79EFBC}") = "Emaratech.Services.Channels.Exports", "Emaratech.Services.Channels.Exports\Emaratech.Services.Channels.Exports.csproj", "{3B56F316-72F3-430A-ACE3-59B5CF72C4D5}"
EndProject
Global
	GlobalSection(SolutionConfigurationPlatforms) = preSolution
		CiklumDev|Any CPU = CiklumDev|Any CPU
		CiklumDev|x86 = CiklumDev|x86
		CiklumEnv|Any CPU = CiklumEnv|Any CPU
		CiklumEnv|x86 = CiklumEnv|x86
		CiklumStage|Any CPU = CiklumStage|Any CPU
		CiklumStage|x86 = CiklumStage|x86
		Debug_ednrd_prod|Any CPU = Debug_ednrd_prod|Any CPU
		Debug_ednrd_prod|x86 = Debug_ednrd_prod|x86
		Debug_ednrd_qmg|Any CPU = Debug_ednrd_qmg|Any CPU
		Debug_ednrd_qmg|x86 = Debug_ednrd_qmg|x86
		Debug_ednrd_staging|Any CPU = Debug_ednrd_staging|Any CPU
		Debug_ednrd_staging|x86 = Debug_ednrd_staging|x86
		Debug_fis_qmg|Any CPU = Debug_fis_qmg|Any CPU
		Debug_fis_qmg|x86 = Debug_fis_qmg|x86
		Debug_seaport_qmg|Any CPU = Debug_seaport_qmg|Any CPU
		Debug_seaport_qmg|x86 = Debug_seaport_qmg|x86
		debug_unified_dev|Any CPU = debug_unified_dev|Any CPU
		debug_unified_dev|x86 = debug_unified_dev|x86
		Debug_unified_qmg|Any CPU = Debug_unified_qmg|Any CPU
		Debug_unified_qmg|x86 = Debug_unified_qmg|x86
		Debug|Any CPU = Debug|Any CPU
		Debug|x86 = Debug|x86
		EmaratechDev|Any CPU = EmaratechDev|Any CPU
		EmaratechDev|x86 = EmaratechDev|x86
		EmaratechDevServer|Any CPU = EmaratechDevServer|Any CPU
		EmaratechDevServer|x86 = EmaratechDevServer|x86
		Release_ednrd_prod|Any CPU = Release_ednrd_prod|Any CPU
		Release_ednrd_prod|x86 = Release_ednrd_prod|x86
		Release_ednrd_qmg|Any CPU = Release_ednrd_qmg|Any CPU
		Release_ednrd_qmg|x86 = Release_ednrd_qmg|x86
		Release_ednrd_staging|Any CPU = Release_ednrd_staging|Any CPU
		Release_ednrd_staging|x86 = Release_ednrd_staging|x86
		Release_unified_prod|Any CPU = Release_unified_prod|Any CPU
		Release_unified_prod|x86 = Release_unified_prod|x86
		Release_unified_staging|Any CPU = Release_unified_staging|Any CPU
		Release_unified_staging|x86 = Release_unified_staging|x86
		Release|Any CPU = Release|Any CPU
		Release|x86 = Release|x86
		SingleImage|Any CPU = SingleImage|Any CPU
		SingleImage|x86 = SingleImage|x86
	EndGlobalSection
	GlobalSection(ProjectConfigurationPlatforms) = postSolution
		{37B24AAB-F099-473C-988F-083B272DADC6}.CiklumDev|Any CPU.ActiveCfg = Release|Any CPU
		{37B24AAB-F099-473C-988F-083B272DADC6}.CiklumDev|x86.ActiveCfg = Release|Any CPU
		{37B24AAB-F099-473C-988F-083B272DADC6}.CiklumEnv|Any CPU.ActiveCfg = Release|Any CPU
		{37B24AAB-F099-473C-988F-083B272DADC6}.CiklumEnv|x86.ActiveCfg = Release|Any CPU
		{37B24AAB-F099-473C-988F-083B272DADC6}.CiklumStage|Any CPU.ActiveCfg = Release|Any CPU
		{37B24AAB-F099-473C-988F-083B272DADC6}.CiklumStage|x86.ActiveCfg = Release|Any CPU
		{37B24AAB-F099-473C-988F-083B272DADC6}.Debug_ednrd_prod|Any CPU.ActiveCfg = Debug|Any CPU
		{37B24AAB-F099-473C-988F-083B272DADC6}.Debug_ednrd_prod|Any CPU.Build.0 = Debug|Any CPU
		{37B24AAB-F099-473C-988F-083B272DADC6}.Debug_ednrd_prod|x86.ActiveCfg = Debug|Any CPU
		{37B24AAB-F099-473C-988F-083B272DADC6}.Debug_ednrd_qmg|Any CPU.ActiveCfg = Debug|Any CPU
		{37B24AAB-F099-473C-988F-083B272DADC6}.Debug_ednrd_qmg|x86.ActiveCfg = Debug|Any CPU
		{37B24AAB-F099-473C-988F-083B272DADC6}.Debug_ednrd_staging|Any CPU.ActiveCfg = Debug|Any CPU
		{37B24AAB-F099-473C-988F-083B272DADC6}.Debug_ednrd_staging|x86.ActiveCfg = Debug|Any CPU
		{37B24AAB-F099-473C-988F-083B272DADC6}.Debug_fis_qmg|Any CPU.ActiveCfg = Debug|Any CPU
		{37B24AAB-F099-473C-988F-083B272DADC6}.Debug_fis_qmg|x86.ActiveCfg = Debug|Any CPU
		{37B24AAB-F099-473C-988F-083B272DADC6}.Debug_seaport_qmg|Any CPU.ActiveCfg = Debug|Any CPU
		{37B24AAB-F099-473C-988F-083B272DADC6}.Debug_seaport_qmg|x86.ActiveCfg = Debug|Any CPU
		{37B24AAB-F099-473C-988F-083B272DADC6}.debug_unified_dev|Any CPU.ActiveCfg = Debug|Any CPU
		{37B24AAB-F099-473C-988F-083B272DADC6}.debug_unified_dev|x86.ActiveCfg = Debug|Any CPU
		{37B24AAB-F099-473C-988F-083B272DADC6}.Debug_unified_qmg|Any CPU.ActiveCfg = Debug|Any CPU
		{37B24AAB-F099-473C-988F-083B272DADC6}.Debug_unified_qmg|x86.ActiveCfg = Debug|Any CPU
		{37B24AAB-F099-473C-988F-083B272DADC6}.Debug|Any CPU.ActiveCfg = Debug|Any CPU
		{37B24AAB-F099-473C-988F-083B272DADC6}.Debug|Any CPU.Build.0 = Debug|Any CPU
		{37B24AAB-F099-473C-988F-083B272DADC6}.Debug|x86.ActiveCfg = Debug|Any CPU
		{37B24AAB-F099-473C-988F-083B272DADC6}.EmaratechDev|Any CPU.ActiveCfg = EmaratechDev|Any CPU
		{37B24AAB-F099-473C-988F-083B272DADC6}.EmaratechDev|Any CPU.Build.0 = EmaratechDev|Any CPU
		{37B24AAB-F099-473C-988F-083B272DADC6}.EmaratechDev|x86.ActiveCfg = EmaratechDev|Any CPU
		{37B24AAB-F099-473C-988F-083B272DADC6}.EmaratechDevServer|Any CPU.ActiveCfg = EmaratechDev|Any CPU
		{37B24AAB-F099-473C-988F-083B272DADC6}.EmaratechDevServer|x86.ActiveCfg = EmaratechDev|Any CPU
		{37B24AAB-F099-473C-988F-083B272DADC6}.Release_ednrd_prod|Any CPU.ActiveCfg = Release|Any CPU
		{37B24AAB-F099-473C-988F-083B272DADC6}.Release_ednrd_prod|x86.ActiveCfg = Release|Any CPU
		{37B24AAB-F099-473C-988F-083B272DADC6}.Release_ednrd_qmg|Any CPU.ActiveCfg = Release|Any CPU
		{37B24AAB-F099-473C-988F-083B272DADC6}.Release_ednrd_qmg|x86.ActiveCfg = Release|Any CPU
		{37B24AAB-F099-473C-988F-083B272DADC6}.Release_ednrd_staging|Any CPU.ActiveCfg = Release|Any CPU
		{37B24AAB-F099-473C-988F-083B272DADC6}.Release_ednrd_staging|x86.ActiveCfg = Release|Any CPU
		{37B24AAB-F099-473C-988F-083B272DADC6}.Release_unified_prod|Any CPU.ActiveCfg = Release|Any CPU
		{37B24AAB-F099-473C-988F-083B272DADC6}.Release_unified_prod|x86.ActiveCfg = Release|Any CPU
		{37B24AAB-F099-473C-988F-083B272DADC6}.Release_unified_staging|Any CPU.ActiveCfg = Release|Any CPU
		{37B24AAB-F099-473C-988F-083B272DADC6}.Release_unified_staging|x86.ActiveCfg = Release|Any CPU
		{37B24AAB-F099-473C-988F-083B272DADC6}.Release|Any CPU.ActiveCfg = Release|Any CPU
		{37B24AAB-F099-473C-988F-083B272DADC6}.Release|Any CPU.Build.0 = Release|Any CPU
		{37B24AAB-F099-473C-988F-083B272DADC6}.Release|x86.ActiveCfg = Release|Any CPU
		{37B24AAB-F099-473C-988F-083B272DADC6}.SingleImage|Any CPU.ActiveCfg = Release|Any CPU
		{37B24AAB-F099-473C-988F-083B272DADC6}.SingleImage|x86.ActiveCfg = Release|Any CPU
		{39570A2F-A279-4685-9A45-768F57C520A4}.CiklumDev|Any CPU.ActiveCfg = Release|Any CPU
		{39570A2F-A279-4685-9A45-768F57C520A4}.CiklumDev|x86.ActiveCfg = Release|Any CPU
		{39570A2F-A279-4685-9A45-768F57C520A4}.CiklumEnv|Any CPU.ActiveCfg = Release|Any CPU
		{39570A2F-A279-4685-9A45-768F57C520A4}.CiklumEnv|x86.ActiveCfg = Release|Any CPU
		{39570A2F-A279-4685-9A45-768F57C520A4}.CiklumStage|Any CPU.ActiveCfg = Release|Any CPU
		{39570A2F-A279-4685-9A45-768F57C520A4}.CiklumStage|x86.ActiveCfg = Release|Any CPU
		{39570A2F-A279-4685-9A45-768F57C520A4}.Debug_ednrd_prod|Any CPU.ActiveCfg = Debug|Any CPU
		{39570A2F-A279-4685-9A45-768F57C520A4}.Debug_ednrd_prod|Any CPU.Build.0 = Debug|Any CPU
		{39570A2F-A279-4685-9A45-768F57C520A4}.Debug_ednrd_prod|x86.ActiveCfg = Debug|Any CPU
		{39570A2F-A279-4685-9A45-768F57C520A4}.Debug_ednrd_qmg|Any CPU.ActiveCfg = Debug|Any CPU
		{39570A2F-A279-4685-9A45-768F57C520A4}.Debug_ednrd_qmg|x86.ActiveCfg = Debug|Any CPU
		{39570A2F-A279-4685-9A45-768F57C520A4}.Debug_ednrd_staging|Any CPU.ActiveCfg = Debug|Any CPU
		{39570A2F-A279-4685-9A45-768F57C520A4}.Debug_ednrd_staging|x86.ActiveCfg = Debug|Any CPU
		{39570A2F-A279-4685-9A45-768F57C520A4}.Debug_fis_qmg|Any CPU.ActiveCfg = Debug|Any CPU
		{39570A2F-A279-4685-9A45-768F57C520A4}.Debug_fis_qmg|x86.ActiveCfg = Debug|Any CPU
		{39570A2F-A279-4685-9A45-768F57C520A4}.Debug_seaport_qmg|Any CPU.ActiveCfg = Debug|Any CPU
		{39570A2F-A279-4685-9A45-768F57C520A4}.Debug_seaport_qmg|x86.ActiveCfg = Debug|Any CPU
		{39570A2F-A279-4685-9A45-768F57C520A4}.debug_unified_dev|Any CPU.ActiveCfg = Debug|Any CPU
		{39570A2F-A279-4685-9A45-768F57C520A4}.debug_unified_dev|x86.ActiveCfg = Debug|Any CPU
		{39570A2F-A279-4685-9A45-768F57C520A4}.Debug_unified_qmg|Any CPU.ActiveCfg = Debug|Any CPU
		{39570A2F-A279-4685-9A45-768F57C520A4}.Debug_unified_qmg|x86.ActiveCfg = Debug|Any CPU
		{39570A2F-A279-4685-9A45-768F57C520A4}.Debug|Any CPU.ActiveCfg = Debug|Any CPU
		{39570A2F-A279-4685-9A45-768F57C520A4}.Debug|Any CPU.Build.0 = Debug|Any CPU
		{39570A2F-A279-4685-9A45-768F57C520A4}.Debug|x86.ActiveCfg = Debug|Any CPU
		{39570A2F-A279-4685-9A45-768F57C520A4}.EmaratechDev|Any CPU.ActiveCfg = EmaratechDev|Any CPU
		{39570A2F-A279-4685-9A45-768F57C520A4}.EmaratechDev|Any CPU.Build.0 = EmaratechDev|Any CPU
		{39570A2F-A279-4685-9A45-768F57C520A4}.EmaratechDev|x86.ActiveCfg = EmaratechDev|Any CPU
		{39570A2F-A279-4685-9A45-768F57C520A4}.EmaratechDevServer|Any CPU.ActiveCfg = EmaratechDev|Any CPU
		{39570A2F-A279-4685-9A45-768F57C520A4}.EmaratechDevServer|x86.ActiveCfg = EmaratechDev|Any CPU
		{39570A2F-A279-4685-9A45-768F57C520A4}.Release_ednrd_prod|Any CPU.ActiveCfg = Release|Any CPU
		{39570A2F-A279-4685-9A45-768F57C520A4}.Release_ednrd_prod|x86.ActiveCfg = Release|Any CPU
		{39570A2F-A279-4685-9A45-768F57C520A4}.Release_ednrd_qmg|Any CPU.ActiveCfg = Release|Any CPU
		{39570A2F-A279-4685-9A45-768F57C520A4}.Release_ednrd_qmg|x86.ActiveCfg = Release|Any CPU
		{39570A2F-A279-4685-9A45-768F57C520A4}.Release_ednrd_staging|Any CPU.ActiveCfg = Release|Any CPU
		{39570A2F-A279-4685-9A45-768F57C520A4}.Release_ednrd_staging|x86.ActiveCfg = Release|Any CPU
		{39570A2F-A279-4685-9A45-768F57C520A4}.Release_unified_prod|Any CPU.ActiveCfg = Release|Any CPU
		{39570A2F-A279-4685-9A45-768F57C520A4}.Release_unified_prod|x86.ActiveCfg = Release|Any CPU
		{39570A2F-A279-4685-9A45-768F57C520A4}.Release_unified_staging|Any CPU.ActiveCfg = Release|Any CPU
		{39570A2F-A279-4685-9A45-768F57C520A4}.Release_unified_staging|x86.ActiveCfg = Release|Any CPU
		{39570A2F-A279-4685-9A45-768F57C520A4}.Release|Any CPU.ActiveCfg = Release|Any CPU
		{39570A2F-A279-4685-9A45-768F57C520A4}.Release|Any CPU.Build.0 = Release|Any CPU
		{39570A2F-A279-4685-9A45-768F57C520A4}.Release|x86.ActiveCfg = Release|Any CPU
		{39570A2F-A279-4685-9A45-768F57C520A4}.SingleImage|Any CPU.ActiveCfg = Release|Any CPU
		{39570A2F-A279-4685-9A45-768F57C520A4}.SingleImage|x86.ActiveCfg = Release|Any CPU
		{58CFF30B-F50A-4437-9480-56400C853CBD}.CiklumDev|Any CPU.ActiveCfg = Release|Any CPU
		{58CFF30B-F50A-4437-9480-56400C853CBD}.CiklumDev|x86.ActiveCfg = Release|Any CPU
		{58CFF30B-F50A-4437-9480-56400C853CBD}.CiklumEnv|Any CPU.ActiveCfg = Release|Any CPU
		{58CFF30B-F50A-4437-9480-56400C853CBD}.CiklumEnv|x86.ActiveCfg = Release|Any CPU
		{58CFF30B-F50A-4437-9480-56400C853CBD}.CiklumStage|Any CPU.ActiveCfg = Release|Any CPU
		{58CFF30B-F50A-4437-9480-56400C853CBD}.CiklumStage|x86.ActiveCfg = Release|Any CPU
		{58CFF30B-F50A-4437-9480-56400C853CBD}.Debug_ednrd_prod|Any CPU.ActiveCfg = Debug|Any CPU
		{58CFF30B-F50A-4437-9480-56400C853CBD}.Debug_ednrd_prod|Any CPU.Build.0 = Debug|Any CPU
		{58CFF30B-F50A-4437-9480-56400C853CBD}.Debug_ednrd_prod|x86.ActiveCfg = Debug|Any CPU
		{58CFF30B-F50A-4437-9480-56400C853CBD}.Debug_ednrd_qmg|Any CPU.ActiveCfg = Debug|Any CPU
		{58CFF30B-F50A-4437-9480-56400C853CBD}.Debug_ednrd_qmg|x86.ActiveCfg = Debug|Any CPU
		{58CFF30B-F50A-4437-9480-56400C853CBD}.Debug_ednrd_staging|Any CPU.ActiveCfg = Debug|Any CPU
		{58CFF30B-F50A-4437-9480-56400C853CBD}.Debug_ednrd_staging|x86.ActiveCfg = Debug|Any CPU
		{58CFF30B-F50A-4437-9480-56400C853CBD}.Debug_fis_qmg|Any CPU.ActiveCfg = Debug|Any CPU
		{58CFF30B-F50A-4437-9480-56400C853CBD}.Debug_fis_qmg|x86.ActiveCfg = Debug|Any CPU
		{58CFF30B-F50A-4437-9480-56400C853CBD}.Debug_seaport_qmg|Any CPU.ActiveCfg = Debug|Any CPU
		{58CFF30B-F50A-4437-9480-56400C853CBD}.Debug_seaport_qmg|x86.ActiveCfg = Debug|Any CPU
		{58CFF30B-F50A-4437-9480-56400C853CBD}.debug_unified_dev|Any CPU.ActiveCfg = Debug|Any CPU
		{58CFF30B-F50A-4437-9480-56400C853CBD}.debug_unified_dev|x86.ActiveCfg = Debug|Any CPU
		{58CFF30B-F50A-4437-9480-56400C853CBD}.Debug_unified_qmg|Any CPU.ActiveCfg = Debug|Any CPU
		{58CFF30B-F50A-4437-9480-56400C853CBD}.Debug_unified_qmg|x86.ActiveCfg = Debug|Any CPU
		{58CFF30B-F50A-4437-9480-56400C853CBD}.Debug|Any CPU.ActiveCfg = Debug|Any CPU
		{58CFF30B-F50A-4437-9480-56400C853CBD}.Debug|Any CPU.Build.0 = Debug|Any CPU
		{58CFF30B-F50A-4437-9480-56400C853CBD}.Debug|x86.ActiveCfg = Debug|Any CPU
		{58CFF30B-F50A-4437-9480-56400C853CBD}.EmaratechDev|Any CPU.ActiveCfg = EmaratechDev|Any CPU
		{58CFF30B-F50A-4437-9480-56400C853CBD}.EmaratechDev|Any CPU.Build.0 = EmaratechDev|Any CPU
		{58CFF30B-F50A-4437-9480-56400C853CBD}.EmaratechDev|x86.ActiveCfg = EmaratechDev|Any CPU
		{58CFF30B-F50A-4437-9480-56400C853CBD}.EmaratechDevServer|Any CPU.ActiveCfg = EmaratechDev|Any CPU
		{58CFF30B-F50A-4437-9480-56400C853CBD}.EmaratechDevServer|x86.ActiveCfg = EmaratechDev|Any CPU
		{58CFF30B-F50A-4437-9480-56400C853CBD}.Release_ednrd_prod|Any CPU.ActiveCfg = Release|Any CPU
		{58CFF30B-F50A-4437-9480-56400C853CBD}.Release_ednrd_prod|x86.ActiveCfg = Release|Any CPU
		{58CFF30B-F50A-4437-9480-56400C853CBD}.Release_ednrd_qmg|Any CPU.ActiveCfg = Release|Any CPU
		{58CFF30B-F50A-4437-9480-56400C853CBD}.Release_ednrd_qmg|x86.ActiveCfg = Release|Any CPU
		{58CFF30B-F50A-4437-9480-56400C853CBD}.Release_ednrd_staging|Any CPU.ActiveCfg = Release|Any CPU
		{58CFF30B-F50A-4437-9480-56400C853CBD}.Release_ednrd_staging|x86.ActiveCfg = Release|Any CPU
		{58CFF30B-F50A-4437-9480-56400C853CBD}.Release_unified_prod|Any CPU.ActiveCfg = Release|Any CPU
		{58CFF30B-F50A-4437-9480-56400C853CBD}.Release_unified_prod|x86.ActiveCfg = Release|Any CPU
		{58CFF30B-F50A-4437-9480-56400C853CBD}.Release_unified_staging|Any CPU.ActiveCfg = Release|Any CPU
		{58CFF30B-F50A-4437-9480-56400C853CBD}.Release_unified_staging|x86.ActiveCfg = Release|Any CPU
		{58CFF30B-F50A-4437-9480-56400C853CBD}.Release|Any CPU.ActiveCfg = Release|Any CPU
		{58CFF30B-F50A-4437-9480-56400C853CBD}.Release|Any CPU.Build.0 = Release|Any CPU
		{58CFF30B-F50A-4437-9480-56400C853CBD}.Release|x86.ActiveCfg = Release|Any CPU
		{58CFF30B-F50A-4437-9480-56400C853CBD}.SingleImage|Any CPU.ActiveCfg = Release|Any CPU
		{58CFF30B-F50A-4437-9480-56400C853CBD}.SingleImage|x86.ActiveCfg = Release|Any CPU
		{8DEF8E3E-6A3F-45D6-B941-330490904D45}.CiklumDev|Any CPU.ActiveCfg = Release|Any CPU
		{8DEF8E3E-6A3F-45D6-B941-330490904D45}.CiklumDev|x86.ActiveCfg = Release|Any CPU
		{8DEF8E3E-6A3F-45D6-B941-330490904D45}.CiklumEnv|Any CPU.ActiveCfg = Release|Any CPU
		{8DEF8E3E-6A3F-45D6-B941-330490904D45}.CiklumEnv|x86.ActiveCfg = Release|Any CPU
		{8DEF8E3E-6A3F-45D6-B941-330490904D45}.CiklumStage|Any CPU.ActiveCfg = Release|Any CPU
		{8DEF8E3E-6A3F-45D6-B941-330490904D45}.CiklumStage|x86.ActiveCfg = Release|Any CPU
		{8DEF8E3E-6A3F-45D6-B941-330490904D45}.Debug_ednrd_prod|Any CPU.ActiveCfg = Debug|Any CPU
		{8DEF8E3E-6A3F-45D6-B941-330490904D45}.Debug_ednrd_prod|Any CPU.Build.0 = Debug|Any CPU
		{8DEF8E3E-6A3F-45D6-B941-330490904D45}.Debug_ednrd_prod|x86.ActiveCfg = Debug|Any CPU
		{8DEF8E3E-6A3F-45D6-B941-330490904D45}.Debug_ednrd_qmg|Any CPU.ActiveCfg = Debug|Any CPU
		{8DEF8E3E-6A3F-45D6-B941-330490904D45}.Debug_ednrd_qmg|x86.ActiveCfg = Debug|Any CPU
		{8DEF8E3E-6A3F-45D6-B941-330490904D45}.Debug_ednrd_staging|Any CPU.ActiveCfg = Debug|Any CPU
		{8DEF8E3E-6A3F-45D6-B941-330490904D45}.Debug_ednrd_staging|x86.ActiveCfg = Debug|Any CPU
		{8DEF8E3E-6A3F-45D6-B941-330490904D45}.Debug_fis_qmg|Any CPU.ActiveCfg = Debug|Any CPU
		{8DEF8E3E-6A3F-45D6-B941-330490904D45}.Debug_fis_qmg|x86.ActiveCfg = Debug|Any CPU
		{8DEF8E3E-6A3F-45D6-B941-330490904D45}.Debug_seaport_qmg|Any CPU.ActiveCfg = Debug|Any CPU
		{8DEF8E3E-6A3F-45D6-B941-330490904D45}.Debug_seaport_qmg|x86.ActiveCfg = Debug|Any CPU
		{8DEF8E3E-6A3F-45D6-B941-330490904D45}.debug_unified_dev|Any CPU.ActiveCfg = Debug|Any CPU
		{8DEF8E3E-6A3F-45D6-B941-330490904D45}.debug_unified_dev|x86.ActiveCfg = Debug|Any CPU
		{8DEF8E3E-6A3F-45D6-B941-330490904D45}.Debug_unified_qmg|Any CPU.ActiveCfg = Debug|Any CPU
		{8DEF8E3E-6A3F-45D6-B941-330490904D45}.Debug_unified_qmg|x86.ActiveCfg = Debug|Any CPU
		{8DEF8E3E-6A3F-45D6-B941-330490904D45}.Debug|Any CPU.ActiveCfg = Debug|Any CPU
		{8DEF8E3E-6A3F-45D6-B941-330490904D45}.Debug|Any CPU.Build.0 = Debug|Any CPU
		{8DEF8E3E-6A3F-45D6-B941-330490904D45}.Debug|x86.ActiveCfg = Debug|Any CPU
		{8DEF8E3E-6A3F-45D6-B941-330490904D45}.EmaratechDev|Any CPU.ActiveCfg = EmaratechDev|Any CPU
		{8DEF8E3E-6A3F-45D6-B941-330490904D45}.EmaratechDev|Any CPU.Build.0 = EmaratechDev|Any CPU
		{8DEF8E3E-6A3F-45D6-B941-330490904D45}.EmaratechDev|x86.ActiveCfg = EmaratechDev|Any CPU
		{8DEF8E3E-6A3F-45D6-B941-330490904D45}.EmaratechDevServer|Any CPU.ActiveCfg = EmaratechDev|Any CPU
		{8DEF8E3E-6A3F-45D6-B941-330490904D45}.EmaratechDevServer|x86.ActiveCfg = EmaratechDev|Any CPU
		{8DEF8E3E-6A3F-45D6-B941-330490904D45}.Release_ednrd_prod|Any CPU.ActiveCfg = Release|Any CPU
		{8DEF8E3E-6A3F-45D6-B941-330490904D45}.Release_ednrd_prod|x86.ActiveCfg = Release|Any CPU
		{8DEF8E3E-6A3F-45D6-B941-330490904D45}.Release_ednrd_qmg|Any CPU.ActiveCfg = Release|Any CPU
		{8DEF8E3E-6A3F-45D6-B941-330490904D45}.Release_ednrd_qmg|x86.ActiveCfg = Release|Any CPU
		{8DEF8E3E-6A3F-45D6-B941-330490904D45}.Release_ednrd_staging|Any CPU.ActiveCfg = Release|Any CPU
		{8DEF8E3E-6A3F-45D6-B941-330490904D45}.Release_ednrd_staging|x86.ActiveCfg = Release|Any CPU
		{8DEF8E3E-6A3F-45D6-B941-330490904D45}.Release_unified_prod|Any CPU.ActiveCfg = Release|Any CPU
		{8DEF8E3E-6A3F-45D6-B941-330490904D45}.Release_unified_prod|x86.ActiveCfg = Release|Any CPU
		{8DEF8E3E-6A3F-45D6-B941-330490904D45}.Release_unified_staging|Any CPU.ActiveCfg = Release|Any CPU
		{8DEF8E3E-6A3F-45D6-B941-330490904D45}.Release_unified_staging|x86.ActiveCfg = Release|Any CPU
		{8DEF8E3E-6A3F-45D6-B941-330490904D45}.Release|Any CPU.ActiveCfg = Release|Any CPU
		{8DEF8E3E-6A3F-45D6-B941-330490904D45}.Release|Any CPU.Build.0 = Release|Any CPU
		{8DEF8E3E-6A3F-45D6-B941-330490904D45}.Release|x86.ActiveCfg = Release|Any CPU
		{8DEF8E3E-6A3F-45D6-B941-330490904D45}.SingleImage|Any CPU.ActiveCfg = Release|Any CPU
		{8DEF8E3E-6A3F-45D6-B941-330490904D45}.SingleImage|x86.ActiveCfg = Release|Any CPU
		{4BCE14D2-ED49-420D-BB39-F3772DE580E8}.CiklumDev|Any CPU.ActiveCfg = Release|Any CPU
		{4BCE14D2-ED49-420D-BB39-F3772DE580E8}.CiklumDev|x86.ActiveCfg = Release|Any CPU
		{4BCE14D2-ED49-420D-BB39-F3772DE580E8}.CiklumEnv|Any CPU.ActiveCfg = Release|Any CPU
		{4BCE14D2-ED49-420D-BB39-F3772DE580E8}.CiklumEnv|x86.ActiveCfg = Release|Any CPU
		{4BCE14D2-ED49-420D-BB39-F3772DE580E8}.CiklumStage|Any CPU.ActiveCfg = Release|Any CPU
		{4BCE14D2-ED49-420D-BB39-F3772DE580E8}.CiklumStage|x86.ActiveCfg = Release|Any CPU
		{4BCE14D2-ED49-420D-BB39-F3772DE580E8}.Debug_ednrd_prod|Any CPU.ActiveCfg = Debug|Any CPU
		{4BCE14D2-ED49-420D-BB39-F3772DE580E8}.Debug_ednrd_prod|Any CPU.Build.0 = Debug|Any CPU
		{4BCE14D2-ED49-420D-BB39-F3772DE580E8}.Debug_ednrd_prod|x86.ActiveCfg = Debug|Any CPU
		{4BCE14D2-ED49-420D-BB39-F3772DE580E8}.Debug_ednrd_qmg|Any CPU.ActiveCfg = Debug|Any CPU
		{4BCE14D2-ED49-420D-BB39-F3772DE580E8}.Debug_ednrd_qmg|x86.ActiveCfg = Debug|Any CPU
		{4BCE14D2-ED49-420D-BB39-F3772DE580E8}.Debug_ednrd_staging|Any CPU.ActiveCfg = Debug|Any CPU
		{4BCE14D2-ED49-420D-BB39-F3772DE580E8}.Debug_ednrd_staging|x86.ActiveCfg = Debug|Any CPU
		{4BCE14D2-ED49-420D-BB39-F3772DE580E8}.Debug_fis_qmg|Any CPU.ActiveCfg = Debug|Any CPU
		{4BCE14D2-ED49-420D-BB39-F3772DE580E8}.Debug_fis_qmg|x86.ActiveCfg = Debug|Any CPU
		{4BCE14D2-ED49-420D-BB39-F3772DE580E8}.Debug_seaport_qmg|Any CPU.ActiveCfg = Debug|Any CPU
		{4BCE14D2-ED49-420D-BB39-F3772DE580E8}.Debug_seaport_qmg|x86.ActiveCfg = Debug|Any CPU
		{4BCE14D2-ED49-420D-BB39-F3772DE580E8}.debug_unified_dev|Any CPU.ActiveCfg = Debug|Any CPU
		{4BCE14D2-ED49-420D-BB39-F3772DE580E8}.debug_unified_dev|x86.ActiveCfg = Debug|Any CPU
		{4BCE14D2-ED49-420D-BB39-F3772DE580E8}.Debug_unified_qmg|Any CPU.ActiveCfg = Debug|Any CPU
		{4BCE14D2-ED49-420D-BB39-F3772DE580E8}.Debug_unified_qmg|x86.ActiveCfg = Debug|Any CPU
		{4BCE14D2-ED49-420D-BB39-F3772DE580E8}.Debug|Any CPU.ActiveCfg = Debug|Any CPU
		{4BCE14D2-ED49-420D-BB39-F3772DE580E8}.Debug|Any CPU.Build.0 = Debug|Any CPU
		{4BCE14D2-ED49-420D-BB39-F3772DE580E8}.Debug|x86.ActiveCfg = Debug|Any CPU
		{4BCE14D2-ED49-420D-BB39-F3772DE580E8}.EmaratechDev|Any CPU.ActiveCfg = EmaratechDev|Any CPU
		{4BCE14D2-ED49-420D-BB39-F3772DE580E8}.EmaratechDev|Any CPU.Build.0 = EmaratechDev|Any CPU
		{4BCE14D2-ED49-420D-BB39-F3772DE580E8}.EmaratechDev|x86.ActiveCfg = EmaratechDev|Any CPU
		{4BCE14D2-ED49-420D-BB39-F3772DE580E8}.EmaratechDevServer|Any CPU.ActiveCfg = EmaratechDev|Any CPU
		{4BCE14D2-ED49-420D-BB39-F3772DE580E8}.EmaratechDevServer|x86.ActiveCfg = EmaratechDev|Any CPU
		{4BCE14D2-ED49-420D-BB39-F3772DE580E8}.Release_ednrd_prod|Any CPU.ActiveCfg = Release|Any CPU
		{4BCE14D2-ED49-420D-BB39-F3772DE580E8}.Release_ednrd_prod|x86.ActiveCfg = Release|Any CPU
		{4BCE14D2-ED49-420D-BB39-F3772DE580E8}.Release_ednrd_qmg|Any CPU.ActiveCfg = Release|Any CPU
		{4BCE14D2-ED49-420D-BB39-F3772DE580E8}.Release_ednrd_qmg|x86.ActiveCfg = Release|Any CPU
		{4BCE14D2-ED49-420D-BB39-F3772DE580E8}.Release_ednrd_staging|Any CPU.ActiveCfg = Release|Any CPU
		{4BCE14D2-ED49-420D-BB39-F3772DE580E8}.Release_ednrd_staging|x86.ActiveCfg = Release|Any CPU
		{4BCE14D2-ED49-420D-BB39-F3772DE580E8}.Release_unified_prod|Any CPU.ActiveCfg = Release|Any CPU
		{4BCE14D2-ED49-420D-BB39-F3772DE580E8}.Release_unified_prod|x86.ActiveCfg = Release|Any CPU
		{4BCE14D2-ED49-420D-BB39-F3772DE580E8}.Release_unified_staging|Any CPU.ActiveCfg = Release|Any CPU
		{4BCE14D2-ED49-420D-BB39-F3772DE580E8}.Release_unified_staging|x86.ActiveCfg = Release|Any CPU
		{4BCE14D2-ED49-420D-BB39-F3772DE580E8}.Release|Any CPU.ActiveCfg = Release|Any CPU
		{4BCE14D2-ED49-420D-BB39-F3772DE580E8}.Release|Any CPU.Build.0 = Release|Any CPU
		{4BCE14D2-ED49-420D-BB39-F3772DE580E8}.Release|x86.ActiveCfg = Release|Any CPU
		{4BCE14D2-ED49-420D-BB39-F3772DE580E8}.SingleImage|Any CPU.ActiveCfg = Release|Any CPU
		{4BCE14D2-ED49-420D-BB39-F3772DE580E8}.SingleImage|x86.ActiveCfg = Release|Any CPU
		{1F8D934E-E59D-492E-89A5-0D5ED87DF69D}.CiklumDev|Any CPU.ActiveCfg = Release|Any CPU
		{1F8D934E-E59D-492E-89A5-0D5ED87DF69D}.CiklumDev|x86.ActiveCfg = Release|Any CPU
		{1F8D934E-E59D-492E-89A5-0D5ED87DF69D}.CiklumEnv|Any CPU.ActiveCfg = Release|Any CPU
		{1F8D934E-E59D-492E-89A5-0D5ED87DF69D}.CiklumEnv|x86.ActiveCfg = Release|Any CPU
		{1F8D934E-E59D-492E-89A5-0D5ED87DF69D}.CiklumStage|Any CPU.ActiveCfg = Release|Any CPU
		{1F8D934E-E59D-492E-89A5-0D5ED87DF69D}.CiklumStage|x86.ActiveCfg = Release|Any CPU
		{1F8D934E-E59D-492E-89A5-0D5ED87DF69D}.Debug_ednrd_prod|Any CPU.ActiveCfg = Debug|Any CPU
		{1F8D934E-E59D-492E-89A5-0D5ED87DF69D}.Debug_ednrd_prod|x86.ActiveCfg = Debug|Any CPU
		{1F8D934E-E59D-492E-89A5-0D5ED87DF69D}.Debug_ednrd_qmg|Any CPU.ActiveCfg = Debug|Any CPU
		{1F8D934E-E59D-492E-89A5-0D5ED87DF69D}.Debug_ednrd_qmg|x86.ActiveCfg = Debug|Any CPU
		{1F8D934E-E59D-492E-89A5-0D5ED87DF69D}.Debug_ednrd_staging|Any CPU.ActiveCfg = Debug|Any CPU
		{1F8D934E-E59D-492E-89A5-0D5ED87DF69D}.Debug_ednrd_staging|x86.ActiveCfg = Debug|Any CPU
		{1F8D934E-E59D-492E-89A5-0D5ED87DF69D}.Debug_fis_qmg|Any CPU.ActiveCfg = Debug|Any CPU
		{1F8D934E-E59D-492E-89A5-0D5ED87DF69D}.Debug_fis_qmg|x86.ActiveCfg = Debug|Any CPU
		{1F8D934E-E59D-492E-89A5-0D5ED87DF69D}.Debug_seaport_qmg|Any CPU.ActiveCfg = Debug|Any CPU
		{1F8D934E-E59D-492E-89A5-0D5ED87DF69D}.Debug_seaport_qmg|x86.ActiveCfg = Debug|Any CPU
		{1F8D934E-E59D-492E-89A5-0D5ED87DF69D}.debug_unified_dev|Any CPU.ActiveCfg = Debug|Any CPU
		{1F8D934E-E59D-492E-89A5-0D5ED87DF69D}.debug_unified_dev|x86.ActiveCfg = Debug|Any CPU
		{1F8D934E-E59D-492E-89A5-0D5ED87DF69D}.Debug_unified_qmg|Any CPU.ActiveCfg = Debug|Any CPU
		{1F8D934E-E59D-492E-89A5-0D5ED87DF69D}.Debug_unified_qmg|x86.ActiveCfg = Debug|Any CPU
		{1F8D934E-E59D-492E-89A5-0D5ED87DF69D}.Debug|Any CPU.ActiveCfg = Debug|Any CPU
		{1F8D934E-E59D-492E-89A5-0D5ED87DF69D}.Debug|Any CPU.Build.0 = Debug|Any CPU
		{1F8D934E-E59D-492E-89A5-0D5ED87DF69D}.Debug|x86.ActiveCfg = Debug|Any CPU
		{1F8D934E-E59D-492E-89A5-0D5ED87DF69D}.EmaratechDev|Any CPU.ActiveCfg = EmaratechDev|Any CPU
		{1F8D934E-E59D-492E-89A5-0D5ED87DF69D}.EmaratechDev|Any CPU.Build.0 = EmaratechDev|Any CPU
		{1F8D934E-E59D-492E-89A5-0D5ED87DF69D}.EmaratechDev|x86.ActiveCfg = EmaratechDev|Any CPU
		{1F8D934E-E59D-492E-89A5-0D5ED87DF69D}.EmaratechDevServer|Any CPU.ActiveCfg = EmaratechDev|Any CPU
		{1F8D934E-E59D-492E-89A5-0D5ED87DF69D}.EmaratechDevServer|x86.ActiveCfg = EmaratechDev|Any CPU
		{1F8D934E-E59D-492E-89A5-0D5ED87DF69D}.Release_ednrd_prod|Any CPU.ActiveCfg = Release|Any CPU
		{1F8D934E-E59D-492E-89A5-0D5ED87DF69D}.Release_ednrd_prod|x86.ActiveCfg = Release|Any CPU
		{1F8D934E-E59D-492E-89A5-0D5ED87DF69D}.Release_ednrd_qmg|Any CPU.ActiveCfg = Release|Any CPU
		{1F8D934E-E59D-492E-89A5-0D5ED87DF69D}.Release_ednrd_qmg|x86.ActiveCfg = Release|Any CPU
		{1F8D934E-E59D-492E-89A5-0D5ED87DF69D}.Release_ednrd_staging|Any CPU.ActiveCfg = Release|Any CPU
		{1F8D934E-E59D-492E-89A5-0D5ED87DF69D}.Release_ednrd_staging|x86.ActiveCfg = Release|Any CPU
		{1F8D934E-E59D-492E-89A5-0D5ED87DF69D}.Release_unified_prod|Any CPU.ActiveCfg = Release|Any CPU
		{1F8D934E-E59D-492E-89A5-0D5ED87DF69D}.Release_unified_prod|x86.ActiveCfg = Release|Any CPU
		{1F8D934E-E59D-492E-89A5-0D5ED87DF69D}.Release_unified_staging|Any CPU.ActiveCfg = Release|Any CPU
		{1F8D934E-E59D-492E-89A5-0D5ED87DF69D}.Release_unified_staging|x86.ActiveCfg = Release|Any CPU
		{1F8D934E-E59D-492E-89A5-0D5ED87DF69D}.Release|Any CPU.ActiveCfg = Release|Any CPU
		{1F8D934E-E59D-492E-89A5-0D5ED87DF69D}.Release|Any CPU.Build.0 = Release|Any CPU
		{1F8D934E-E59D-492E-89A5-0D5ED87DF69D}.Release|x86.ActiveCfg = Release|Any CPU
		{1F8D934E-E59D-492E-89A5-0D5ED87DF69D}.SingleImage|Any CPU.ActiveCfg = Release|Any CPU
		{1F8D934E-E59D-492E-89A5-0D5ED87DF69D}.SingleImage|x86.ActiveCfg = Release|Any CPU
		{AC79216E-7D18-49B4-9396-E3B3E60C7356}.CiklumDev|Any CPU.ActiveCfg = Release|Any CPU
		{AC79216E-7D18-49B4-9396-E3B3E60C7356}.CiklumDev|x86.ActiveCfg = Release|Any CPU
		{AC79216E-7D18-49B4-9396-E3B3E60C7356}.CiklumEnv|Any CPU.ActiveCfg = Release|Any CPU
		{AC79216E-7D18-49B4-9396-E3B3E60C7356}.CiklumEnv|x86.ActiveCfg = Release|Any CPU
		{AC79216E-7D18-49B4-9396-E3B3E60C7356}.CiklumStage|Any CPU.ActiveCfg = Release|Any CPU
		{AC79216E-7D18-49B4-9396-E3B3E60C7356}.CiklumStage|x86.ActiveCfg = Release|Any CPU
		{AC79216E-7D18-49B4-9396-E3B3E60C7356}.Debug_ednrd_prod|Any CPU.ActiveCfg = Debug|Any CPU
		{AC79216E-7D18-49B4-9396-E3B3E60C7356}.Debug_ednrd_prod|Any CPU.Build.0 = Debug|Any CPU
		{AC79216E-7D18-49B4-9396-E3B3E60C7356}.Debug_ednrd_prod|x86.ActiveCfg = Debug|Any CPU
		{AC79216E-7D18-49B4-9396-E3B3E60C7356}.Debug_ednrd_qmg|Any CPU.ActiveCfg = Debug|Any CPU
		{AC79216E-7D18-49B4-9396-E3B3E60C7356}.Debug_ednrd_qmg|x86.ActiveCfg = Debug|Any CPU
		{AC79216E-7D18-49B4-9396-E3B3E60C7356}.Debug_ednrd_staging|Any CPU.ActiveCfg = Debug|Any CPU
		{AC79216E-7D18-49B4-9396-E3B3E60C7356}.Debug_ednrd_staging|x86.ActiveCfg = Debug|Any CPU
		{AC79216E-7D18-49B4-9396-E3B3E60C7356}.Debug_fis_qmg|Any CPU.ActiveCfg = Debug|Any CPU
		{AC79216E-7D18-49B4-9396-E3B3E60C7356}.Debug_fis_qmg|x86.ActiveCfg = Debug|Any CPU
		{AC79216E-7D18-49B4-9396-E3B3E60C7356}.Debug_seaport_qmg|Any CPU.ActiveCfg = Debug|Any CPU
		{AC79216E-7D18-49B4-9396-E3B3E60C7356}.Debug_seaport_qmg|x86.ActiveCfg = Debug|Any CPU
		{AC79216E-7D18-49B4-9396-E3B3E60C7356}.debug_unified_dev|Any CPU.ActiveCfg = Debug|Any CPU
		{AC79216E-7D18-49B4-9396-E3B3E60C7356}.debug_unified_dev|x86.ActiveCfg = Debug|Any CPU
		{AC79216E-7D18-49B4-9396-E3B3E60C7356}.Debug_unified_qmg|Any CPU.ActiveCfg = Debug|Any CPU
		{AC79216E-7D18-49B4-9396-E3B3E60C7356}.Debug_unified_qmg|x86.ActiveCfg = Debug|Any CPU
		{AC79216E-7D18-49B4-9396-E3B3E60C7356}.Debug|Any CPU.ActiveCfg = Debug|Any CPU
		{AC79216E-7D18-49B4-9396-E3B3E60C7356}.Debug|Any CPU.Build.0 = Debug|Any CPU
		{AC79216E-7D18-49B4-9396-E3B3E60C7356}.Debug|x86.ActiveCfg = Debug|Any CPU
		{AC79216E-7D18-49B4-9396-E3B3E60C7356}.EmaratechDev|Any CPU.ActiveCfg = EmaratechDev|Any CPU
		{AC79216E-7D18-49B4-9396-E3B3E60C7356}.EmaratechDev|Any CPU.Build.0 = EmaratechDev|Any CPU
		{AC79216E-7D18-49B4-9396-E3B3E60C7356}.EmaratechDev|x86.ActiveCfg = EmaratechDev|Any CPU
		{AC79216E-7D18-49B4-9396-E3B3E60C7356}.EmaratechDevServer|Any CPU.ActiveCfg = EmaratechDev|Any CPU
		{AC79216E-7D18-49B4-9396-E3B3E60C7356}.EmaratechDevServer|x86.ActiveCfg = EmaratechDev|Any CPU
		{AC79216E-7D18-49B4-9396-E3B3E60C7356}.Release_ednrd_prod|Any CPU.ActiveCfg = Release|Any CPU
		{AC79216E-7D18-49B4-9396-E3B3E60C7356}.Release_ednrd_prod|x86.ActiveCfg = Release|Any CPU
		{AC79216E-7D18-49B4-9396-E3B3E60C7356}.Release_ednrd_qmg|Any CPU.ActiveCfg = Release|Any CPU
		{AC79216E-7D18-49B4-9396-E3B3E60C7356}.Release_ednrd_qmg|x86.ActiveCfg = Release|Any CPU
		{AC79216E-7D18-49B4-9396-E3B3E60C7356}.Release_ednrd_staging|Any CPU.ActiveCfg = Release|Any CPU
		{AC79216E-7D18-49B4-9396-E3B3E60C7356}.Release_ednrd_staging|x86.ActiveCfg = Release|Any CPU
		{AC79216E-7D18-49B4-9396-E3B3E60C7356}.Release_unified_prod|Any CPU.ActiveCfg = Release|Any CPU
		{AC79216E-7D18-49B4-9396-E3B3E60C7356}.Release_unified_prod|x86.ActiveCfg = Release|Any CPU
		{AC79216E-7D18-49B4-9396-E3B3E60C7356}.Release_unified_staging|Any CPU.ActiveCfg = Release|Any CPU
		{AC79216E-7D18-49B4-9396-E3B3E60C7356}.Release_unified_staging|x86.ActiveCfg = Release|Any CPU
		{AC79216E-7D18-49B4-9396-E3B3E60C7356}.Release|Any CPU.ActiveCfg = Release|Any CPU
		{AC79216E-7D18-49B4-9396-E3B3E60C7356}.Release|Any CPU.Build.0 = Release|Any CPU
		{AC79216E-7D18-49B4-9396-E3B3E60C7356}.Release|x86.ActiveCfg = Release|Any CPU
		{AC79216E-7D18-49B4-9396-E3B3E60C7356}.SingleImage|Any CPU.ActiveCfg = Release|Any CPU
		{AC79216E-7D18-49B4-9396-E3B3E60C7356}.SingleImage|x86.ActiveCfg = Release|Any CPU
		{824E4A7C-3AC3-48EB-80B4-EE9025C5F13F}.CiklumDev|Any CPU.ActiveCfg = Release|Any CPU
		{824E4A7C-3AC3-48EB-80B4-EE9025C5F13F}.CiklumDev|x86.ActiveCfg = Release|Any CPU
		{824E4A7C-3AC3-48EB-80B4-EE9025C5F13F}.CiklumEnv|Any CPU.ActiveCfg = Release|Any CPU
		{824E4A7C-3AC3-48EB-80B4-EE9025C5F13F}.CiklumEnv|x86.ActiveCfg = Release|Any CPU
		{824E4A7C-3AC3-48EB-80B4-EE9025C5F13F}.CiklumStage|Any CPU.ActiveCfg = Release|Any CPU
		{824E4A7C-3AC3-48EB-80B4-EE9025C5F13F}.CiklumStage|x86.ActiveCfg = Release|Any CPU
		{824E4A7C-3AC3-48EB-80B4-EE9025C5F13F}.Debug_ednrd_prod|Any CPU.ActiveCfg = Debug|Any CPU
		{824E4A7C-3AC3-48EB-80B4-EE9025C5F13F}.Debug_ednrd_prod|x86.ActiveCfg = Debug|Any CPU
		{824E4A7C-3AC3-48EB-80B4-EE9025C5F13F}.Debug_ednrd_qmg|Any CPU.ActiveCfg = Debug|Any CPU
		{824E4A7C-3AC3-48EB-80B4-EE9025C5F13F}.Debug_ednrd_qmg|x86.ActiveCfg = Debug|Any CPU
		{824E4A7C-3AC3-48EB-80B4-EE9025C5F13F}.Debug_ednrd_staging|Any CPU.ActiveCfg = Debug|Any CPU
		{824E4A7C-3AC3-48EB-80B4-EE9025C5F13F}.Debug_ednrd_staging|x86.ActiveCfg = Debug|Any CPU
		{824E4A7C-3AC3-48EB-80B4-EE9025C5F13F}.Debug_fis_qmg|Any CPU.ActiveCfg = Debug|Any CPU
		{824E4A7C-3AC3-48EB-80B4-EE9025C5F13F}.Debug_fis_qmg|x86.ActiveCfg = Debug|Any CPU
		{824E4A7C-3AC3-48EB-80B4-EE9025C5F13F}.Debug_seaport_qmg|Any CPU.ActiveCfg = Debug|Any CPU
		{824E4A7C-3AC3-48EB-80B4-EE9025C5F13F}.Debug_seaport_qmg|x86.ActiveCfg = Debug|Any CPU
		{824E4A7C-3AC3-48EB-80B4-EE9025C5F13F}.debug_unified_dev|Any CPU.ActiveCfg = Debug|Any CPU
		{824E4A7C-3AC3-48EB-80B4-EE9025C5F13F}.debug_unified_dev|x86.ActiveCfg = Debug|Any CPU
		{824E4A7C-3AC3-48EB-80B4-EE9025C5F13F}.Debug_unified_qmg|Any CPU.ActiveCfg = Debug|Any CPU
		{824E4A7C-3AC3-48EB-80B4-EE9025C5F13F}.Debug_unified_qmg|x86.ActiveCfg = Debug|Any CPU
		{824E4A7C-3AC3-48EB-80B4-EE9025C5F13F}.Debug|Any CPU.ActiveCfg = Debug|Any CPU
		{824E4A7C-3AC3-48EB-80B4-EE9025C5F13F}.Debug|Any CPU.Build.0 = Debug|Any CPU
		{824E4A7C-3AC3-48EB-80B4-EE9025C5F13F}.Debug|x86.ActiveCfg = Debug|Any CPU
		{824E4A7C-3AC3-48EB-80B4-EE9025C5F13F}.EmaratechDev|Any CPU.ActiveCfg = EmaratechDev|Any CPU
		{824E4A7C-3AC3-48EB-80B4-EE9025C5F13F}.EmaratechDev|Any CPU.Build.0 = EmaratechDev|Any CPU
		{824E4A7C-3AC3-48EB-80B4-EE9025C5F13F}.EmaratechDev|x86.ActiveCfg = EmaratechDev|Any CPU
		{824E4A7C-3AC3-48EB-80B4-EE9025C5F13F}.EmaratechDevServer|Any CPU.ActiveCfg = EmaratechDev|Any CPU
		{824E4A7C-3AC3-48EB-80B4-EE9025C5F13F}.EmaratechDevServer|x86.ActiveCfg = EmaratechDev|Any CPU
		{824E4A7C-3AC3-48EB-80B4-EE9025C5F13F}.Release_ednrd_prod|Any CPU.ActiveCfg = Release|Any CPU
		{824E4A7C-3AC3-48EB-80B4-EE9025C5F13F}.Release_ednrd_prod|x86.ActiveCfg = Release|Any CPU
		{824E4A7C-3AC3-48EB-80B4-EE9025C5F13F}.Release_ednrd_qmg|Any CPU.ActiveCfg = Release|Any CPU
		{824E4A7C-3AC3-48EB-80B4-EE9025C5F13F}.Release_ednrd_qmg|x86.ActiveCfg = Release|Any CPU
		{824E4A7C-3AC3-48EB-80B4-EE9025C5F13F}.Release_ednrd_staging|Any CPU.ActiveCfg = Release|Any CPU
		{824E4A7C-3AC3-48EB-80B4-EE9025C5F13F}.Release_ednrd_staging|x86.ActiveCfg = Release|Any CPU
		{824E4A7C-3AC3-48EB-80B4-EE9025C5F13F}.Release_unified_prod|Any CPU.ActiveCfg = Release|Any CPU
		{824E4A7C-3AC3-48EB-80B4-EE9025C5F13F}.Release_unified_prod|x86.ActiveCfg = Release|Any CPU
		{824E4A7C-3AC3-48EB-80B4-EE9025C5F13F}.Release_unified_staging|Any CPU.ActiveCfg = Release|Any CPU
		{824E4A7C-3AC3-48EB-80B4-EE9025C5F13F}.Release_unified_staging|x86.ActiveCfg = Release|Any CPU
		{824E4A7C-3AC3-48EB-80B4-EE9025C5F13F}.Release|Any CPU.ActiveCfg = Release|Any CPU
		{824E4A7C-3AC3-48EB-80B4-EE9025C5F13F}.Release|Any CPU.Build.0 = Release|Any CPU
		{824E4A7C-3AC3-48EB-80B4-EE9025C5F13F}.Release|x86.ActiveCfg = Release|Any CPU
		{824E4A7C-3AC3-48EB-80B4-EE9025C5F13F}.SingleImage|Any CPU.ActiveCfg = Release|Any CPU
		{824E4A7C-3AC3-48EB-80B4-EE9025C5F13F}.SingleImage|x86.ActiveCfg = Release|Any CPU
		{97BBD0AA-AFF8-4F19-A6E8-2FDA8858DAEE}.CiklumDev|Any CPU.ActiveCfg = Release|Any CPU
		{97BBD0AA-AFF8-4F19-A6E8-2FDA8858DAEE}.CiklumDev|Any CPU.Build.0 = Release|Any CPU
		{97BBD0AA-AFF8-4F19-A6E8-2FDA8858DAEE}.CiklumDev|x86.ActiveCfg = Release|Any CPU
		{97BBD0AA-AFF8-4F19-A6E8-2FDA8858DAEE}.CiklumDev|x86.Build.0 = Release|Any CPU
		{97BBD0AA-AFF8-4F19-A6E8-2FDA8858DAEE}.CiklumEnv|Any CPU.ActiveCfg = Release|Any CPU
		{97BBD0AA-AFF8-4F19-A6E8-2FDA8858DAEE}.CiklumEnv|Any CPU.Build.0 = Release|Any CPU
		{97BBD0AA-AFF8-4F19-A6E8-2FDA8858DAEE}.CiklumEnv|x86.ActiveCfg = Release|Any CPU
		{97BBD0AA-AFF8-4F19-A6E8-2FDA8858DAEE}.CiklumEnv|x86.Build.0 = Release|Any CPU
		{97BBD0AA-AFF8-4F19-A6E8-2FDA8858DAEE}.CiklumStage|Any CPU.ActiveCfg = Release|Any CPU
		{97BBD0AA-AFF8-4F19-A6E8-2FDA8858DAEE}.CiklumStage|Any CPU.Build.0 = Release|Any CPU
		{97BBD0AA-AFF8-4F19-A6E8-2FDA8858DAEE}.CiklumStage|x86.ActiveCfg = Release|Any CPU
		{97BBD0AA-AFF8-4F19-A6E8-2FDA8858DAEE}.CiklumStage|x86.Build.0 = Release|Any CPU
		{97BBD0AA-AFF8-4F19-A6E8-2FDA8858DAEE}.Debug_ednrd_prod|Any CPU.ActiveCfg = Debug|Any CPU
		{97BBD0AA-AFF8-4F19-A6E8-2FDA8858DAEE}.Debug_ednrd_prod|Any CPU.Build.0 = Debug|Any CPU
		{97BBD0AA-AFF8-4F19-A6E8-2FDA8858DAEE}.Debug_ednrd_prod|x86.ActiveCfg = Debug|Any CPU
		{97BBD0AA-AFF8-4F19-A6E8-2FDA8858DAEE}.Debug_ednrd_prod|x86.Build.0 = Debug|Any CPU
		{97BBD0AA-AFF8-4F19-A6E8-2FDA8858DAEE}.Debug_ednrd_qmg|Any CPU.ActiveCfg = Debug|Any CPU
		{97BBD0AA-AFF8-4F19-A6E8-2FDA8858DAEE}.Debug_ednrd_qmg|Any CPU.Build.0 = Debug|Any CPU
		{97BBD0AA-AFF8-4F19-A6E8-2FDA8858DAEE}.Debug_ednrd_qmg|x86.ActiveCfg = Debug|Any CPU
		{97BBD0AA-AFF8-4F19-A6E8-2FDA8858DAEE}.Debug_ednrd_qmg|x86.Build.0 = Debug|Any CPU
		{97BBD0AA-AFF8-4F19-A6E8-2FDA8858DAEE}.Debug_ednrd_staging|Any CPU.ActiveCfg = Debug|Any CPU
		{97BBD0AA-AFF8-4F19-A6E8-2FDA8858DAEE}.Debug_ednrd_staging|Any CPU.Build.0 = Debug|Any CPU
		{97BBD0AA-AFF8-4F19-A6E8-2FDA8858DAEE}.Debug_ednrd_staging|x86.ActiveCfg = Debug|Any CPU
		{97BBD0AA-AFF8-4F19-A6E8-2FDA8858DAEE}.Debug_ednrd_staging|x86.Build.0 = Debug|Any CPU
		{97BBD0AA-AFF8-4F19-A6E8-2FDA8858DAEE}.Debug_fis_qmg|Any CPU.ActiveCfg = Debug|Any CPU
		{97BBD0AA-AFF8-4F19-A6E8-2FDA8858DAEE}.Debug_fis_qmg|Any CPU.Build.0 = Debug|Any CPU
		{97BBD0AA-AFF8-4F19-A6E8-2FDA8858DAEE}.Debug_fis_qmg|x86.ActiveCfg = Debug|Any CPU
		{97BBD0AA-AFF8-4F19-A6E8-2FDA8858DAEE}.Debug_fis_qmg|x86.Build.0 = Debug|Any CPU
		{97BBD0AA-AFF8-4F19-A6E8-2FDA8858DAEE}.Debug_seaport_qmg|Any CPU.ActiveCfg = Debug|Any CPU
		{97BBD0AA-AFF8-4F19-A6E8-2FDA8858DAEE}.Debug_seaport_qmg|Any CPU.Build.0 = Debug|Any CPU
		{97BBD0AA-AFF8-4F19-A6E8-2FDA8858DAEE}.Debug_seaport_qmg|x86.ActiveCfg = Debug|Any CPU
		{97BBD0AA-AFF8-4F19-A6E8-2FDA8858DAEE}.Debug_seaport_qmg|x86.Build.0 = Debug|Any CPU
		{97BBD0AA-AFF8-4F19-A6E8-2FDA8858DAEE}.debug_unified_dev|Any CPU.ActiveCfg = Debug|Any CPU
		{97BBD0AA-AFF8-4F19-A6E8-2FDA8858DAEE}.debug_unified_dev|Any CPU.Build.0 = Debug|Any CPU
		{97BBD0AA-AFF8-4F19-A6E8-2FDA8858DAEE}.debug_unified_dev|x86.ActiveCfg = Debug|Any CPU
		{97BBD0AA-AFF8-4F19-A6E8-2FDA8858DAEE}.debug_unified_dev|x86.Build.0 = Debug|Any CPU
		{97BBD0AA-AFF8-4F19-A6E8-2FDA8858DAEE}.Debug_unified_qmg|Any CPU.ActiveCfg = Debug|Any CPU
		{97BBD0AA-AFF8-4F19-A6E8-2FDA8858DAEE}.Debug_unified_qmg|Any CPU.Build.0 = Debug|Any CPU
		{97BBD0AA-AFF8-4F19-A6E8-2FDA8858DAEE}.Debug_unified_qmg|x86.ActiveCfg = Debug|Any CPU
		{97BBD0AA-AFF8-4F19-A6E8-2FDA8858DAEE}.Debug_unified_qmg|x86.Build.0 = Debug|Any CPU
		{97BBD0AA-AFF8-4F19-A6E8-2FDA8858DAEE}.Debug|Any CPU.ActiveCfg = Debug|Any CPU
		{97BBD0AA-AFF8-4F19-A6E8-2FDA8858DAEE}.Debug|Any CPU.Build.0 = Debug|Any CPU
		{97BBD0AA-AFF8-4F19-A6E8-2FDA8858DAEE}.Debug|x86.ActiveCfg = Debug|Any CPU
		{97BBD0AA-AFF8-4F19-A6E8-2FDA8858DAEE}.Debug|x86.Build.0 = Debug|Any CPU
		{97BBD0AA-AFF8-4F19-A6E8-2FDA8858DAEE}.EmaratechDev|Any CPU.ActiveCfg = EmaratechDev|Any CPU
		{97BBD0AA-AFF8-4F19-A6E8-2FDA8858DAEE}.EmaratechDev|Any CPU.Build.0 = EmaratechDev|Any CPU
		{97BBD0AA-AFF8-4F19-A6E8-2FDA8858DAEE}.EmaratechDev|x86.ActiveCfg = Release|Any CPU
		{97BBD0AA-AFF8-4F19-A6E8-2FDA8858DAEE}.EmaratechDev|x86.Build.0 = Release|Any CPU
		{97BBD0AA-AFF8-4F19-A6E8-2FDA8858DAEE}.EmaratechDevServer|Any CPU.ActiveCfg = Release|Any CPU
		{97BBD0AA-AFF8-4F19-A6E8-2FDA8858DAEE}.EmaratechDevServer|Any CPU.Build.0 = Release|Any CPU
		{97BBD0AA-AFF8-4F19-A6E8-2FDA8858DAEE}.EmaratechDevServer|x86.ActiveCfg = Release|Any CPU
		{97BBD0AA-AFF8-4F19-A6E8-2FDA8858DAEE}.EmaratechDevServer|x86.Build.0 = Release|Any CPU
		{97BBD0AA-AFF8-4F19-A6E8-2FDA8858DAEE}.Release_ednrd_prod|Any CPU.ActiveCfg = Release|Any CPU
		{97BBD0AA-AFF8-4F19-A6E8-2FDA8858DAEE}.Release_ednrd_prod|Any CPU.Build.0 = Release|Any CPU
		{97BBD0AA-AFF8-4F19-A6E8-2FDA8858DAEE}.Release_ednrd_prod|x86.ActiveCfg = Release|Any CPU
		{97BBD0AA-AFF8-4F19-A6E8-2FDA8858DAEE}.Release_ednrd_prod|x86.Build.0 = Release|Any CPU
		{97BBD0AA-AFF8-4F19-A6E8-2FDA8858DAEE}.Release_ednrd_qmg|Any CPU.ActiveCfg = Release|Any CPU
		{97BBD0AA-AFF8-4F19-A6E8-2FDA8858DAEE}.Release_ednrd_qmg|Any CPU.Build.0 = Release|Any CPU
		{97BBD0AA-AFF8-4F19-A6E8-2FDA8858DAEE}.Release_ednrd_qmg|x86.ActiveCfg = Release|Any CPU
		{97BBD0AA-AFF8-4F19-A6E8-2FDA8858DAEE}.Release_ednrd_qmg|x86.Build.0 = Release|Any CPU
		{97BBD0AA-AFF8-4F19-A6E8-2FDA8858DAEE}.Release_ednrd_staging|Any CPU.ActiveCfg = Release|Any CPU
		{97BBD0AA-AFF8-4F19-A6E8-2FDA8858DAEE}.Release_ednrd_staging|Any CPU.Build.0 = Release|Any CPU
		{97BBD0AA-AFF8-4F19-A6E8-2FDA8858DAEE}.Release_ednrd_staging|x86.ActiveCfg = Release|Any CPU
		{97BBD0AA-AFF8-4F19-A6E8-2FDA8858DAEE}.Release_ednrd_staging|x86.Build.0 = Release|Any CPU
		{97BBD0AA-AFF8-4F19-A6E8-2FDA8858DAEE}.Release_unified_prod|Any CPU.ActiveCfg = Release|Any CPU
		{97BBD0AA-AFF8-4F19-A6E8-2FDA8858DAEE}.Release_unified_prod|Any CPU.Build.0 = Release|Any CPU
		{97BBD0AA-AFF8-4F19-A6E8-2FDA8858DAEE}.Release_unified_prod|x86.ActiveCfg = Release|Any CPU
		{97BBD0AA-AFF8-4F19-A6E8-2FDA8858DAEE}.Release_unified_prod|x86.Build.0 = Release|Any CPU
		{97BBD0AA-AFF8-4F19-A6E8-2FDA8858DAEE}.Release_unified_staging|Any CPU.ActiveCfg = Release|Any CPU
		{97BBD0AA-AFF8-4F19-A6E8-2FDA8858DAEE}.Release_unified_staging|Any CPU.Build.0 = Release|Any CPU
		{97BBD0AA-AFF8-4F19-A6E8-2FDA8858DAEE}.Release_unified_staging|x86.ActiveCfg = Release|Any CPU
		{97BBD0AA-AFF8-4F19-A6E8-2FDA8858DAEE}.Release_unified_staging|x86.Build.0 = Release|Any CPU
		{97BBD0AA-AFF8-4F19-A6E8-2FDA8858DAEE}.Release|Any CPU.ActiveCfg = Release|Any CPU
		{97BBD0AA-AFF8-4F19-A6E8-2FDA8858DAEE}.Release|Any CPU.Build.0 = Release|Any CPU
		{97BBD0AA-AFF8-4F19-A6E8-2FDA8858DAEE}.Release|x86.ActiveCfg = Release|Any CPU
		{97BBD0AA-AFF8-4F19-A6E8-2FDA8858DAEE}.Release|x86.Build.0 = Release|Any CPU
		{97BBD0AA-AFF8-4F19-A6E8-2FDA8858DAEE}.SingleImage|Any CPU.ActiveCfg = Release|Any CPU
		{97BBD0AA-AFF8-4F19-A6E8-2FDA8858DAEE}.SingleImage|Any CPU.Build.0 = Release|Any CPU
		{97BBD0AA-AFF8-4F19-A6E8-2FDA8858DAEE}.SingleImage|x86.ActiveCfg = Release|Any CPU
		{97BBD0AA-AFF8-4F19-A6E8-2FDA8858DAEE}.SingleImage|x86.Build.0 = Release|Any CPU
		{3B56F316-72F3-430A-ACE3-59B5CF72C4D5}.CiklumDev|Any CPU.ActiveCfg = Release|Any CPU
		{3B56F316-72F3-430A-ACE3-59B5CF72C4D5}.CiklumDev|Any CPU.Build.0 = Release|Any CPU
		{3B56F316-72F3-430A-ACE3-59B5CF72C4D5}.CiklumDev|x86.ActiveCfg = Release|Any CPU
		{3B56F316-72F3-430A-ACE3-59B5CF72C4D5}.CiklumDev|x86.Build.0 = Release|Any CPU
		{3B56F316-72F3-430A-ACE3-59B5CF72C4D5}.CiklumEnv|Any CPU.ActiveCfg = Release|Any CPU
		{3B56F316-72F3-430A-ACE3-59B5CF72C4D5}.CiklumEnv|Any CPU.Build.0 = Release|Any CPU
		{3B56F316-72F3-430A-ACE3-59B5CF72C4D5}.CiklumEnv|x86.ActiveCfg = Release|Any CPU
		{3B56F316-72F3-430A-ACE3-59B5CF72C4D5}.CiklumEnv|x86.Build.0 = Release|Any CPU
		{3B56F316-72F3-430A-ACE3-59B5CF72C4D5}.CiklumStage|Any CPU.ActiveCfg = Release|Any CPU
		{3B56F316-72F3-430A-ACE3-59B5CF72C4D5}.CiklumStage|Any CPU.Build.0 = Release|Any CPU
		{3B56F316-72F3-430A-ACE3-59B5CF72C4D5}.CiklumStage|x86.ActiveCfg = Release|Any CPU
		{3B56F316-72F3-430A-ACE3-59B5CF72C4D5}.CiklumStage|x86.Build.0 = Release|Any CPU
		{3B56F316-72F3-430A-ACE3-59B5CF72C4D5}.Debug_ednrd_prod|Any CPU.ActiveCfg = Debug|Any CPU
		{3B56F316-72F3-430A-ACE3-59B5CF72C4D5}.Debug_ednrd_prod|Any CPU.Build.0 = Debug|Any CPU
		{3B56F316-72F3-430A-ACE3-59B5CF72C4D5}.Debug_ednrd_prod|x86.ActiveCfg = Debug|Any CPU
		{3B56F316-72F3-430A-ACE3-59B5CF72C4D5}.Debug_ednrd_prod|x86.Build.0 = Debug|Any CPU
		{3B56F316-72F3-430A-ACE3-59B5CF72C4D5}.Debug_ednrd_qmg|Any CPU.ActiveCfg = Debug|Any CPU
		{3B56F316-72F3-430A-ACE3-59B5CF72C4D5}.Debug_ednrd_qmg|Any CPU.Build.0 = Debug|Any CPU
		{3B56F316-72F3-430A-ACE3-59B5CF72C4D5}.Debug_ednrd_qmg|x86.ActiveCfg = Debug|Any CPU
		{3B56F316-72F3-430A-ACE3-59B5CF72C4D5}.Debug_ednrd_qmg|x86.Build.0 = Debug|Any CPU
		{3B56F316-72F3-430A-ACE3-59B5CF72C4D5}.Debug_ednrd_staging|Any CPU.ActiveCfg = Debug|Any CPU
		{3B56F316-72F3-430A-ACE3-59B5CF72C4D5}.Debug_ednrd_staging|Any CPU.Build.0 = Debug|Any CPU
		{3B56F316-72F3-430A-ACE3-59B5CF72C4D5}.Debug_ednrd_staging|x86.ActiveCfg = Debug|Any CPU
		{3B56F316-72F3-430A-ACE3-59B5CF72C4D5}.Debug_ednrd_staging|x86.Build.0 = Debug|Any CPU
		{3B56F316-72F3-430A-ACE3-59B5CF72C4D5}.Debug_fis_qmg|Any CPU.ActiveCfg = Debug|Any CPU
		{3B56F316-72F3-430A-ACE3-59B5CF72C4D5}.Debug_fis_qmg|Any CPU.Build.0 = Debug|Any CPU
		{3B56F316-72F3-430A-ACE3-59B5CF72C4D5}.Debug_fis_qmg|x86.ActiveCfg = Debug|Any CPU
		{3B56F316-72F3-430A-ACE3-59B5CF72C4D5}.Debug_fis_qmg|x86.Build.0 = Debug|Any CPU
		{3B56F316-72F3-430A-ACE3-59B5CF72C4D5}.Debug_seaport_qmg|Any CPU.ActiveCfg = Debug|Any CPU
		{3B56F316-72F3-430A-ACE3-59B5CF72C4D5}.Debug_seaport_qmg|Any CPU.Build.0 = Debug|Any CPU
		{3B56F316-72F3-430A-ACE3-59B5CF72C4D5}.Debug_seaport_qmg|x86.ActiveCfg = Debug|Any CPU
		{3B56F316-72F3-430A-ACE3-59B5CF72C4D5}.Debug_seaport_qmg|x86.Build.0 = Debug|Any CPU
		{3B56F316-72F3-430A-ACE3-59B5CF72C4D5}.debug_unified_dev|Any CPU.ActiveCfg = Debug|Any CPU
		{3B56F316-72F3-430A-ACE3-59B5CF72C4D5}.debug_unified_dev|Any CPU.Build.0 = Debug|Any CPU
		{3B56F316-72F3-430A-ACE3-59B5CF72C4D5}.debug_unified_dev|x86.ActiveCfg = Debug|Any CPU
		{3B56F316-72F3-430A-ACE3-59B5CF72C4D5}.debug_unified_dev|x86.Build.0 = Debug|Any CPU
		{3B56F316-72F3-430A-ACE3-59B5CF72C4D5}.Debug_unified_qmg|Any CPU.ActiveCfg = Debug|Any CPU
		{3B56F316-72F3-430A-ACE3-59B5CF72C4D5}.Debug_unified_qmg|Any CPU.Build.0 = Debug|Any CPU
		{3B56F316-72F3-430A-ACE3-59B5CF72C4D5}.Debug_unified_qmg|x86.ActiveCfg = Debug|Any CPU
		{3B56F316-72F3-430A-ACE3-59B5CF72C4D5}.Debug_unified_qmg|x86.Build.0 = Debug|Any CPU
		{3B56F316-72F3-430A-ACE3-59B5CF72C4D5}.Debug|Any CPU.ActiveCfg = Debug|Any CPU
		{3B56F316-72F3-430A-ACE3-59B5CF72C4D5}.Debug|Any CPU.Build.0 = Debug|Any CPU
		{3B56F316-72F3-430A-ACE3-59B5CF72C4D5}.Debug|x86.ActiveCfg = Debug|Any CPU
		{3B56F316-72F3-430A-ACE3-59B5CF72C4D5}.Debug|x86.Build.0 = Debug|Any CPU
		{3B56F316-72F3-430A-ACE3-59B5CF72C4D5}.EmaratechDev|Any CPU.ActiveCfg = Release|Any CPU
		{3B56F316-72F3-430A-ACE3-59B5CF72C4D5}.EmaratechDev|Any CPU.Build.0 = Release|Any CPU
		{3B56F316-72F3-430A-ACE3-59B5CF72C4D5}.EmaratechDev|x86.ActiveCfg = Release|Any CPU
		{3B56F316-72F3-430A-ACE3-59B5CF72C4D5}.EmaratechDev|x86.Build.0 = Release|Any CPU
		{3B56F316-72F3-430A-ACE3-59B5CF72C4D5}.EmaratechDevServer|Any CPU.ActiveCfg = Release|Any CPU
		{3B56F316-72F3-430A-ACE3-59B5CF72C4D5}.EmaratechDevServer|Any CPU.Build.0 = Release|Any CPU
		{3B56F316-72F3-430A-ACE3-59B5CF72C4D5}.EmaratechDevServer|x86.ActiveCfg = Release|Any CPU
		{3B56F316-72F3-430A-ACE3-59B5CF72C4D5}.EmaratechDevServer|x86.Build.0 = Release|Any CPU
		{3B56F316-72F3-430A-ACE3-59B5CF72C4D5}.Release_ednrd_prod|Any CPU.ActiveCfg = Release|Any CPU
		{3B56F316-72F3-430A-ACE3-59B5CF72C4D5}.Release_ednrd_prod|Any CPU.Build.0 = Release|Any CPU
		{3B56F316-72F3-430A-ACE3-59B5CF72C4D5}.Release_ednrd_prod|x86.ActiveCfg = Release|Any CPU
		{3B56F316-72F3-430A-ACE3-59B5CF72C4D5}.Release_ednrd_prod|x86.Build.0 = Release|Any CPU
		{3B56F316-72F3-430A-ACE3-59B5CF72C4D5}.Release_ednrd_qmg|Any CPU.ActiveCfg = Release|Any CPU
		{3B56F316-72F3-430A-ACE3-59B5CF72C4D5}.Release_ednrd_qmg|Any CPU.Build.0 = Release|Any CPU
		{3B56F316-72F3-430A-ACE3-59B5CF72C4D5}.Release_ednrd_qmg|x86.ActiveCfg = Release|Any CPU
		{3B56F316-72F3-430A-ACE3-59B5CF72C4D5}.Release_ednrd_qmg|x86.Build.0 = Release|Any CPU
		{3B56F316-72F3-430A-ACE3-59B5CF72C4D5}.Release_ednrd_staging|Any CPU.ActiveCfg = Release|Any CPU
		{3B56F316-72F3-430A-ACE3-59B5CF72C4D5}.Release_ednrd_staging|Any CPU.Build.0 = Release|Any CPU
		{3B56F316-72F3-430A-ACE3-59B5CF72C4D5}.Release_ednrd_staging|x86.ActiveCfg = Release|Any CPU
		{3B56F316-72F3-430A-ACE3-59B5CF72C4D5}.Release_ednrd_staging|x86.Build.0 = Release|Any CPU
		{3B56F316-72F3-430A-ACE3-59B5CF72C4D5}.Release_unified_prod|Any CPU.ActiveCfg = Release|Any CPU
		{3B56F316-72F3-430A-ACE3-59B5CF72C4D5}.Release_unified_prod|Any CPU.Build.0 = Release|Any CPU
		{3B56F316-72F3-430A-ACE3-59B5CF72C4D5}.Release_unified_prod|x86.ActiveCfg = Release|Any CPU
		{3B56F316-72F3-430A-ACE3-59B5CF72C4D5}.Release_unified_prod|x86.Build.0 = Release|Any CPU
		{3B56F316-72F3-430A-ACE3-59B5CF72C4D5}.Release_unified_staging|Any CPU.ActiveCfg = Release|Any CPU
		{3B56F316-72F3-430A-ACE3-59B5CF72C4D5}.Release_unified_staging|Any CPU.Build.0 = Release|Any CPU
		{3B56F316-72F3-430A-ACE3-59B5CF72C4D5}.Release_unified_staging|x86.ActiveCfg = Release|Any CPU
		{3B56F316-72F3-430A-ACE3-59B5CF72C4D5}.Release_unified_staging|x86.Build.0 = Release|Any CPU
		{3B56F316-72F3-430A-ACE3-59B5CF72C4D5}.Release|Any CPU.ActiveCfg = Release|Any CPU
		{3B56F316-72F3-430A-ACE3-59B5CF72C4D5}.Release|Any CPU.Build.0 = Release|Any CPU
		{3B56F316-72F3-430A-ACE3-59B5CF72C4D5}.Release|x86.ActiveCfg = Release|Any CPU
		{3B56F316-72F3-430A-ACE3-59B5CF72C4D5}.Release|x86.Build.0 = Release|Any CPU
		{3B56F316-72F3-430A-ACE3-59B5CF72C4D5}.SingleImage|Any CPU.ActiveCfg = Release|Any CPU
		{3B56F316-72F3-430A-ACE3-59B5CF72C4D5}.SingleImage|Any CPU.Build.0 = Release|Any CPU
		{3B56F316-72F3-430A-ACE3-59B5CF72C4D5}.SingleImage|x86.ActiveCfg = Release|Any CPU
		{3B56F316-72F3-430A-ACE3-59B5CF72C4D5}.SingleImage|x86.Build.0 = Release|Any CPU
	EndGlobalSection
	GlobalSection(SolutionProperties) = preSolution
		HideSolutionNode = FALSE
	EndGlobalSection
EndGlobal
